// !$*UTF8*$!
{
	archiveVersion = 1;
	classes = {
	};
	objectVersion = 56;
	objects = {

/* Begin PBXBuildFile section */
		47103D2C2B6A89350052115B /* FirebaseAnalytics in Frameworks */ = {isa = PBXBuildFile; productRef = 47103D2B2B6A89350052115B /* FirebaseAnalytics */; };
		47103D2E2B6A89350052115B /* FirebaseAnalyticsOnDeviceConversion in Frameworks */ = {isa = PBXBuildFile; productRef = 47103D2D2B6A89350052115B /* FirebaseAnalyticsOnDeviceConversion */; };
		47103D302B6A89350052115B /* FirebaseAnalyticsSwift in Frameworks */ = {isa = PBXBuildFile; productRef = 47103D2F2B6A89350052115B /* FirebaseAnalyticsSwift */; };
		47103D322B6A89350052115B /* FirebaseAnalyticsWithoutAdIdSupport in Frameworks */ = {isa = PBXBuildFile; productRef = 47103D312B6A89350052115B /* FirebaseAnalyticsWithoutAdIdSupport */; };
		47103D342B6A89350052115B /* FirebaseAppCheck in Frameworks */ = {isa = PBXBuildFile; productRef = 47103D332B6A89350052115B /* FirebaseAppCheck */; };
		47103D362B6A89350052115B /* FirebaseAppDistribution-Beta in Frameworks */ = {isa = PBXBuildFile; productRef = 47103D352B6A89350052115B /* FirebaseAppDistribution-Beta */; };
		47103D382B6A89350052115B /* FirebaseAuth in Frameworks */ = {isa = PBXBuildFile; productRef = 47103D372B6A89350052115B /* FirebaseAuth */; };
		47103D3A2B6A89350052115B /* FirebaseAuthCombine-Community in Frameworks */ = {isa = PBXBuildFile; productRef = 47103D392B6A89350052115B /* FirebaseAuthCombine-Community */; };
		47103D3C2B6A89350052115B /* FirebaseCrashlytics in Frameworks */ = {isa = PBXBuildFile; productRef = 47103D3B2B6A89350052115B /* FirebaseCrashlytics */; };
		47103D3E2B6A89350052115B /* FirebaseDatabase in Frameworks */ = {isa = PBXBuildFile; productRef = 47103D3D2B6A89350052115B /* FirebaseDatabase */; };
		47103D402B6A89350052115B /* FirebaseDatabaseSwift in Frameworks */ = {isa = PBXBuildFile; productRef = 47103D3F2B6A89350052115B /* FirebaseDatabaseSwift */; };
		47103D422B6A89350052115B /* FirebaseDynamicLinks in Frameworks */ = {isa = PBXBuildFile; productRef = 47103D412B6A89350052115B /* FirebaseDynamicLinks */; };
		47103D442B6A89350052115B /* FirebaseFirestore in Frameworks */ = {isa = PBXBuildFile; productRef = 47103D432B6A89350052115B /* FirebaseFirestore */; };
		47103D462B6A89350052115B /* FirebaseFirestoreCombine-Community in Frameworks */ = {isa = PBXBuildFile; productRef = 47103D452B6A89350052115B /* FirebaseFirestoreCombine-Community */; };
		47103D482B6A89350052115B /* FirebaseFirestoreSwift in Frameworks */ = {isa = PBXBuildFile; productRef = 47103D472B6A89350052115B /* FirebaseFirestoreSwift */; };
		47103D4A2B6A89350052115B /* FirebaseFunctions in Frameworks */ = {isa = PBXBuildFile; productRef = 47103D492B6A89350052115B /* FirebaseFunctions */; };
		47103D4C2B6A89350052115B /* FirebaseFunctionsCombine-Community in Frameworks */ = {isa = PBXBuildFile; productRef = 47103D4B2B6A89350052115B /* FirebaseFunctionsCombine-Community */; };
		47103D4E2B6A89350052115B /* FirebaseInAppMessaging-Beta in Frameworks */ = {isa = PBXBuildFile; productRef = 47103D4D2B6A89350052115B /* FirebaseInAppMessaging-Beta */; };
		47103D502B6A89350052115B /* FirebaseInAppMessagingSwift-Beta in Frameworks */ = {isa = PBXBuildFile; productRef = 47103D4F2B6A89350052115B /* FirebaseInAppMessagingSwift-Beta */; };
		47103D522B6A89350052115B /* FirebaseInstallations in Frameworks */ = {isa = PBXBuildFile; productRef = 47103D512B6A89350052115B /* FirebaseInstallations */; };
		47103D542B6A89350052115B /* FirebaseMLModelDownloader in Frameworks */ = {isa = PBXBuildFile; productRef = 47103D532B6A89350052115B /* FirebaseMLModelDownloader */; };
		47103D562B6A89350052115B /* FirebaseMessaging in Frameworks */ = {isa = PBXBuildFile; productRef = 47103D552B6A89350052115B /* FirebaseMessaging */; };
		47103D582B6A89350052115B /* FirebasePerformance in Frameworks */ = {isa = PBXBuildFile; productRef = 47103D572B6A89350052115B /* FirebasePerformance */; };
		47103D5A2B6A89350052115B /* FirebaseRemoteConfig in Frameworks */ = {isa = PBXBuildFile; productRef = 47103D592B6A89350052115B /* FirebaseRemoteConfig */; };
		47103D5C2B6A89350052115B /* FirebaseRemoteConfigSwift in Frameworks */ = {isa = PBXBuildFile; productRef = 47103D5B2B6A89350052115B /* FirebaseRemoteConfigSwift */; };
		47103D5E2B6A89350052115B /* FirebaseStorage in Frameworks */ = {isa = PBXBuildFile; productRef = 47103D5D2B6A89350052115B /* FirebaseStorage */; };
		47103D602B6A89350052115B /* FirebaseStorageCombine-Community in Frameworks */ = {isa = PBXBuildFile; productRef = 47103D5F2B6A89350052115B /* FirebaseStorageCombine-Community */; };
		479CB3122B750C2700616C24 /* GoogleService-Info.plist in Resources */ = {isa = PBXBuildFile; fileRef = 479CB3112B750C2700616C24 /* GoogleService-Info.plist */; };
		A93A953B29CC810C00F8E227 /* iosApp.swift in Sources */ = {isa = PBXBuildFile; fileRef = A93A953A29CC810C00F8E227 /* iosApp.swift */; };
		A93A953F29CC810D00F8E227 /* Assets.xcassets in Resources */ = {isa = PBXBuildFile; fileRef = A93A953E29CC810D00F8E227 /* Assets.xcassets */; };
		A93A954229CC810D00F8E227 /* Preview Assets.xcassets in Resources */ = {isa = PBXBuildFile; fileRef = A93A954129CC810D00F8E227 /* Preview Assets.xcassets */; };
/* End PBXBuildFile section */

/* Begin PBXFileReference section */
		4731D1DF2B5AA6AB002D07BD /* Info.plist */ = {isa = PBXFileReference; lastKnownFileType = text.plist; path = Info.plist; sourceTree = "<group>"; };
		479CB3112B750C2700616C24 /* GoogleService-Info.plist */ = {isa = PBXFileReference; lastKnownFileType = text.plist; path = "GoogleService-Info.plist"; sourceTree = SOURCE_ROOT; };
		A93A953729CC810C00F8E227 /* eRSHU.app */ = {isa = PBXFileReference; explicitFileType = wrapper.application; includeInIndex = 0; path = eRSHU.app; sourceTree = BUILT_PRODUCTS_DIR; };
		A93A953A29CC810C00F8E227 /* iosApp.swift */ = {isa = PBXFileReference; lastKnownFileType = sourcecode.swift; path = iosApp.swift; sourceTree = "<group>"; };
		A93A953E29CC810D00F8E227 /* Assets.xcassets */ = {isa = PBXFileReference; lastKnownFileType = folder.assetcatalog; path = Assets.xcassets; sourceTree = "<group>"; };
		A93A954129CC810D00F8E227 /* Preview Assets.xcassets */ = {isa = PBXFileReference; lastKnownFileType = folder.assetcatalog; path = "Preview Assets.xcassets"; sourceTree = "<group>"; };
/* End PBXFileReference section */

/* Begin PBXFrameworksBuildPhase section */
		A93A953429CC810C00F8E227 /* Frameworks */ = {
			isa = PBXFrameworksBuildPhase;
			buildActionMask = 2147483647;
			files = (
				47103D3E2B6A89350052115B /* FirebaseDatabase in Frameworks */,
				47103D4C2B6A89350052115B /* FirebaseFunctionsCombine-Community in Frameworks */,
				47103D442B6A89350052115B /* FirebaseFirestore in Frameworks */,
				47103D302B6A89350052115B /* FirebaseAnalyticsSwift in Frameworks */,
				47103D2C2B6A89350052115B /* FirebaseAnalytics in Frameworks */,
				47103D2E2B6A89350052115B /* FirebaseAnalyticsOnDeviceConversion in Frameworks */,
				47103D542B6A89350052115B /* FirebaseMLModelDownloader in Frameworks */,
				47103D482B6A89350052115B /* FirebaseFirestoreSwift in Frameworks */,
				47103D342B6A89350052115B /* FirebaseAppCheck in Frameworks */,
				47103D322B6A89350052115B /* FirebaseAnalyticsWithoutAdIdSupport in Frameworks */,
				47103D382B6A89350052115B /* FirebaseAuth in Frameworks */,
				47103D3C2B6A89350052115B /* FirebaseCrashlytics in Frameworks */,
				47103D5C2B6A89350052115B /* FirebaseRemoteConfigSwift in Frameworks */,
				47103D4E2B6A89350052115B /* FirebaseInAppMessaging-Beta in Frameworks */,
				47103D402B6A89350052115B /* FirebaseDatabaseSwift in Frameworks */,
				47103D4A2B6A89350052115B /* FirebaseFunctions in Frameworks */,
				47103D602B6A89350052115B /* FirebaseStorageCombine-Community in Frameworks */,
				47103D5A2B6A89350052115B /* FirebaseRemoteConfig in Frameworks */,
				47103D362B6A89350052115B /* FirebaseAppDistribution-Beta in Frameworks */,
				47103D3A2B6A89350052115B /* FirebaseAuthCombine-Community in Frameworks */,
				47103D582B6A89350052115B /* FirebasePerformance in Frameworks */,
				47103D502B6A89350052115B /* FirebaseInAppMessagingSwift-Beta in Frameworks */,
				47103D5E2B6A89350052115B /* FirebaseStorage in Frameworks */,
				47103D422B6A89350052115B /* FirebaseDynamicLinks in Frameworks */,
				47103D462B6A89350052115B /* FirebaseFirestoreCombine-Community in Frameworks */,
				47103D562B6A89350052115B /* FirebaseMessaging in Frameworks */,
				47103D522B6A89350052115B /* FirebaseInstallations in Frameworks */,
			);
			runOnlyForDeploymentPostprocessing = 0;
		};
/* End PBXFrameworksBuildPhase section */

/* Begin PBXGroup section */
		A93A952E29CC810C00F8E227 = {
			isa = PBXGroup;
			children = (
				A93A953929CC810C00F8E227 /* iosApp */,
				A93A953829CC810C00F8E227 /* Products */,
				C4127409AE3703430489E7BC /* Frameworks */,
			);
			sourceTree = "<group>";
		};
		A93A953829CC810C00F8E227 /* Products */ = {
			isa = PBXGroup;
			children = (
				A93A953729CC810C00F8E227 /* eRSHU.app */,
			);
			name = Products;
			sourceTree = "<group>";
		};
		A93A953929CC810C00F8E227 /* iosApp */ = {
			isa = PBXGroup;
			children = (
				4731D1DF2B5AA6AB002D07BD /* Info.plist */,
				479CB3112B750C2700616C24 /* GoogleService-Info.plist */,
				A93A953A29CC810C00F8E227 /* iosApp.swift */,
				A93A953E29CC810D00F8E227 /* Assets.xcassets */,
				A93A954029CC810D00F8E227 /* Preview Content */,
			);
			path = iosApp;
			sourceTree = "<group>";
		};
		A93A954029CC810D00F8E227 /* Preview Content */ = {
			isa = PBXGroup;
			children = (
				A93A954129CC810D00F8E227 /* Preview Assets.xcassets */,
			);
			path = "Preview Content";
			sourceTree = "<group>";
		};
		C4127409AE3703430489E7BC /* Frameworks */ = {
			isa = PBXGroup;
			children = (
			);
			name = Frameworks;
			sourceTree = "<group>";
		};
/* End PBXGroup section */

/* Begin PBXNativeTarget section */
		A93A953629CC810C00F8E227 /* iosApp */ = {
			isa = PBXNativeTarget;
			buildConfigurationList = A93A954529CC810D00F8E227 /* Build configuration list for PBXNativeTarget "iosApp" */;
			buildPhases = (
				A9D80A052AAB5CDE006C8738 /* ShellScript */,
				A93A953329CC810C00F8E227 /* Sources */,
				A93A953429CC810C00F8E227 /* Frameworks */,
				A93A953529CC810C00F8E227 /* Resources */,
			);
			buildRules = (
			);
			dependencies = (
			);
			name = iosApp;
			packageProductDependencies = (
				47103D2B2B6A89350052115B /* FirebaseAnalytics */,
				47103D2D2B6A89350052115B /* FirebaseAnalyticsOnDeviceConversion */,
				47103D2F2B6A89350052115B /* FirebaseAnalyticsSwift */,
				47103D312B6A89350052115B /* FirebaseAnalyticsWithoutAdIdSupport */,
				47103D332B6A89350052115B /* FirebaseAppCheck */,
				47103D352B6A89350052115B /* FirebaseAppDistribution-Beta */,
				47103D372B6A89350052115B /* FirebaseAuth */,
				47103D392B6A89350052115B /* FirebaseAuthCombine-Community */,
				47103D3B2B6A89350052115B /* FirebaseCrashlytics */,
				47103D3D2B6A89350052115B /* FirebaseDatabase */,
				47103D3F2B6A89350052115B /* FirebaseDatabaseSwift */,
				47103D412B6A89350052115B /* FirebaseDynamicLinks */,
				47103D432B6A89350052115B /* FirebaseFirestore */,
				47103D452B6A89350052115B /* FirebaseFirestoreCombine-Community */,
				47103D472B6A89350052115B /* FirebaseFirestoreSwift */,
				47103D492B6A89350052115B /* FirebaseFunctions */,
				47103D4B2B6A89350052115B /* FirebaseFunctionsCombine-Community */,
				47103D4D2B6A89350052115B /* FirebaseInAppMessaging-Beta */,
				47103D4F2B6A89350052115B /* FirebaseInAppMessagingSwift-Beta */,
				47103D512B6A89350052115B /* FirebaseInstallations */,
				47103D532B6A89350052115B /* FirebaseMLModelDownloader */,
				47103D552B6A89350052115B /* FirebaseMessaging */,
				47103D572B6A89350052115B /* FirebasePerformance */,
				47103D592B6A89350052115B /* FirebaseRemoteConfig */,
				47103D5B2B6A89350052115B /* FirebaseRemoteConfigSwift */,
				47103D5D2B6A89350052115B /* FirebaseStorage */,
				47103D5F2B6A89350052115B /* FirebaseStorageCombine-Community */,
			);
			productName = iosApp;
			productReference = A93A953729CC810C00F8E227 /* eRSHU.app */;
			productType = "com.apple.product-type.application";
		};
/* End PBXNativeTarget section */

/* Begin PBXProject section */
		A93A952F29CC810C00F8E227 /* Project object */ = {
			isa = PBXProject;
			attributes = {
				LastSwiftUpdateCheck = 1420;
				LastUpgradeCheck = 1420;
				TargetAttributes = {
					A93A953629CC810C00F8E227 = {
						CreatedOnToolsVersion = 14.2;
					};
				};
			};
			buildConfigurationList = A93A953229CC810C00F8E227 /* Build configuration list for PBXProject "iosApp" */;
			compatibilityVersion = "Xcode 14.0";
			developmentRegion = en;
			hasScannedForEncodings = 0;
			knownRegions = (
				en,
				Base,
			);
			mainGroup = A93A952E29CC810C00F8E227;
			packageReferences = (
				47103D2A2B6A89350052115B /* XCRemoteSwiftPackageReference "firebase-ios-sdk" */,
			);
			productRefGroup = A93A953829CC810C00F8E227 /* Products */;
			projectDirPath = "";
			projectRoot = "";
			targets = (
				A93A953629CC810C00F8E227 /* iosApp */,
			);
		};
/* End PBXProject section */

/* Begin PBXResourcesBuildPhase section */
		A93A953529CC810C00F8E227 /* Resources */ = {
			isa = PBXResourcesBuildPhase;
			buildActionMask = 2147483647;
			files = (
				A93A954229CC810D00F8E227 /* Preview Assets.xcassets in Resources */,
				A93A953F29CC810D00F8E227 /* Assets.xcassets in Resources */,
				479CB3122B750C2700616C24 /* GoogleService-Info.plist in Resources */,
			);
			runOnlyForDeploymentPostprocessing = 0;
		};
/* End PBXResourcesBuildPhase section */

/* Begin PBXShellScriptBuildPhase section */
		A9D80A052AAB5CDE006C8738 /* ShellScript */ = {
			isa = PBXShellScriptBuildPhase;
			buildActionMask = 2147483647;
			files = (
			);
			inputFileListPaths = (
			);
			inputPaths = (
			);
			outputFileListPaths = (
			);
			outputPaths = (
			);
			runOnlyForDeploymentPostprocessing = 0;
			shellPath = /bin/sh;
			shellScript = "cd \"$SRCROOT/..\"\n./gradlew :composeApp:embedAndSignAppleFrameworkForXcode\n";
		};
/* End PBXShellScriptBuildPhase section */

/* Begin PBXSourcesBuildPhase section */
		A93A953329CC810C00F8E227 /* Sources */ = {
			isa = PBXSourcesBuildPhase;
			buildActionMask = 2147483647;
			files = (
				A93A953B29CC810C00F8E227 /* iosApp.swift in Sources */,
			);
			runOnlyForDeploymentPostprocessing = 0;
		};
/* End PBXSourcesBuildPhase section */

/* Begin XCBuildConfiguration section */
		A93A954329CC810D00F8E227 /* Debug */ = {
			isa = XCBuildConfiguration;
			buildSettings = {
				ALWAYS_SEARCH_USER_PATHS = NO;
				CLANG_ANALYZER_NONNULL = YES;
				CLANG_ANALYZER_NUMBER_OBJECT_CONVERSION = YES_AGGRESSIVE;
				CLANG_CXX_LANGUAGE_STANDARD = "gnu++20";
				CLANG_ENABLE_MODULES = YES;
				CLANG_ENABLE_OBJC_ARC = YES;
				CLANG_ENABLE_OBJC_WEAK = YES;
				CLANG_WARN_BLOCK_CAPTURE_AUTORELEASING = YES;
				CLANG_WARN_BOOL_CONVERSION = YES;
				CLANG_WARN_COMMA = YES;
				CLANG_WARN_CONSTANT_CONVERSION = YES;
				CLANG_WARN_DEPRECATED_OBJC_IMPLEMENTATIONS = YES;
				CLANG_WARN_DIRECT_OBJC_ISA_USAGE = YES_ERROR;
				CLANG_WARN_DOCUMENTATION_COMMENTS = YES;
				CLANG_WARN_EMPTY_BODY = YES;
				CLANG_WARN_ENUM_CONVERSION = YES;
				CLANG_WARN_INFINITE_RECURSION = YES;
				CLANG_WARN_INT_CONVERSION = YES;
				CLANG_WARN_NON_LITERAL_NULL_CONVERSION = YES;
				CLANG_WARN_OBJC_IMPLICIT_RETAIN_SELF = YES;
				CLANG_WARN_OBJC_LITERAL_CONVERSION = YES;
				CLANG_WARN_OBJC_ROOT_CLASS = YES_ERROR;
				CLANG_WARN_QUOTED_INCLUDE_IN_FRAMEWORK_HEADER = YES;
				CLANG_WARN_RANGE_LOOP_ANALYSIS = YES;
				CLANG_WARN_STRICT_PROTOTYPES = YES;
				CLANG_WARN_SUSPICIOUS_MOVE = YES;
				CLANG_WARN_UNGUARDED_AVAILABILITY = YES_AGGRESSIVE;
				CLANG_WARN_UNREACHABLE_CODE = YES;
				CLANG_WARN__DUPLICATE_METHOD_MATCH = YES;
				COPY_PHASE_STRIP = NO;
				DEBUG_INFORMATION_FORMAT = dwarf;
				ENABLE_STRICT_OBJC_MSGSEND = YES;
				ENABLE_TESTABILITY = YES;
				GCC_C_LANGUAGE_STANDARD = gnu11;
				GCC_DYNAMIC_NO_PIC = NO;
				GCC_NO_COMMON_BLOCKS = YES;
				GCC_OPTIMIZATION_LEVEL = 0;
				GCC_PREPROCESSOR_DEFINITIONS = (
					"DEBUG=1",
					"$(inherited)",
				);
				GCC_WARN_64_TO_32_BIT_CONVERSION = YES;
				GCC_WARN_ABOUT_RETURN_TYPE = YES_ERROR;
				GCC_WARN_UNDECLARED_SELECTOR = YES;
				GCC_WARN_UNINITIALIZED_AUTOS = YES_AGGRESSIVE;
				GCC_WARN_UNUSED_FUNCTION = YES;
				GCC_WARN_UNUSED_VARIABLE = YES;
				IPHONEOS_DEPLOYMENT_TARGET = 16.2;
				MTL_ENABLE_DEBUG_INFO = INCLUDE_SOURCE;
				MTL_FAST_MATH = YES;
				ONLY_ACTIVE_ARCH = YES;
				SDKROOT = iphoneos;
				SWIFT_ACTIVE_COMPILATION_CONDITIONS = DEBUG;
				SWIFT_OPTIMIZATION_LEVEL = "-Onone";
			};
			name = Debug;
		};
		A93A954429CC810D00F8E227 /* Release */ = {
			isa = XCBuildConfiguration;
			buildSettings = {
				ALWAYS_SEARCH_USER_PATHS = NO;
				CLANG_ANALYZER_NONNULL = YES;
				CLANG_ANALYZER_NUMBER_OBJECT_CONVERSION = YES_AGGRESSIVE;
				CLANG_CXX_LANGUAGE_STANDARD = "gnu++20";
				CLANG_ENABLE_MODULES = YES;
				CLANG_ENABLE_OBJC_ARC = YES;
				CLANG_ENABLE_OBJC_WEAK = YES;
				CLANG_WARN_BLOCK_CAPTURE_AUTORELEASING = YES;
				CLANG_WARN_BOOL_CONVERSION = YES;
				CLANG_WARN_COMMA = YES;
				CLANG_WARN_CONSTANT_CONVERSION = YES;
				CLANG_WARN_DEPRECATED_OBJC_IMPLEMENTATIONS = YES;
				CLANG_WARN_DIRECT_OBJC_ISA_USAGE = YES_ERROR;
				CLANG_WARN_DOCUMENTATION_COMMENTS = YES;
				CLANG_WARN_EMPTY_BODY = YES;
				CLANG_WARN_ENUM_CONVERSION = YES;
				CLANG_WARN_INFINITE_RECURSION = YES;
				CLANG_WARN_INT_CONVERSION = YES;
				CLANG_WARN_NON_LITERAL_NULL_CONVERSION = YES;
				CLANG_WARN_OBJC_IMPLICIT_RETAIN_SELF = YES;
				CLANG_WARN_OBJC_LITERAL_CONVERSION = YES;
				CLANG_WARN_OBJC_ROOT_CLASS = YES_ERROR;
				CLANG_WARN_QUOTED_INCLUDE_IN_FRAMEWORK_HEADER = YES;
				CLANG_WARN_RANGE_LOOP_ANALYSIS = YES;
				CLANG_WARN_STRICT_PROTOTYPES = YES;
				CLANG_WARN_SUSPICIOUS_MOVE = YES;
				CLANG_WARN_UNGUARDED_AVAILABILITY = YES_AGGRESSIVE;
				CLANG_WARN_UNREACHABLE_CODE = YES;
				CLANG_WARN__DUPLICATE_METHOD_MATCH = YES;
				COPY_PHASE_STRIP = NO;
				DEBUG_INFORMATION_FORMAT = "dwarf-with-dsym";
				ENABLE_NS_ASSERTIONS = NO;
				ENABLE_STRICT_OBJC_MSGSEND = YES;
				GCC_C_LANGUAGE_STANDARD = gnu11;
				GCC_NO_COMMON_BLOCKS = YES;
				GCC_WARN_64_TO_32_BIT_CONVERSION = YES;
				GCC_WARN_ABOUT_RETURN_TYPE = YES_ERROR;
				GCC_WARN_UNDECLARED_SELECTOR = YES;
				GCC_WARN_UNINITIALIZED_AUTOS = YES_AGGRESSIVE;
				GCC_WARN_UNUSED_FUNCTION = YES;
				GCC_WARN_UNUSED_VARIABLE = YES;
				IPHONEOS_DEPLOYMENT_TARGET = 16.2;
				MTL_ENABLE_DEBUG_INFO = NO;
				MTL_FAST_MATH = YES;
				SDKROOT = iphoneos;
				SWIFT_COMPILATION_MODE = wholemodule;
				SWIFT_OPTIMIZATION_LEVEL = "-O";
				VALIDATE_PRODUCT = YES;
			};
			name = Release;
		};
		A93A954629CC810D00F8E227 /* Debug */ = {
			isa = XCBuildConfiguration;
			buildSettings = {
				ASSETCATALOG_COMPILER_APPICON_NAME = AppIcon;
				ASSETCATALOG_COMPILER_GLOBAL_ACCENT_COLOR_NAME = AccentColor;
				CODE_SIGN_STYLE = Automatic;
				CURRENT_PROJECT_VERSION = 1;
				DEVELOPMENT_ASSET_PATHS = "\"iosApp/Preview Content\"";
				DEVELOPMENT_TEAM = M3GNRJP4G3;
				ENABLE_PREVIEWS = YES;
				FRAMEWORK_SEARCH_PATHS = (
					"${inherited}",
					"$(SRCROOT)/../composeApp/build/xcode-frameworks/$(CONFIGURATION)/$(SDK_NAME)",
				);
				GENERATE_INFOPLIST_FILE = YES;
				INFOPLIST_FILE = iosApp/Info.plist;
				INFOPLIST_KEY_NSCalendarsUsageDescription = "I want to use your calendar to add reminders about classes";
				INFOPLIST_KEY_UIApplicationSceneManifest_Generation = YES;
				INFOPLIST_KEY_UIApplicationSupportsIndirectInputEvents = YES;
				INFOPLIST_KEY_UILaunchScreen_Generation = YES;
				INFOPLIST_KEY_UISupportedInterfaceOrientations_iPad = "UIInterfaceOrientationPortrait UIInterfaceOrientationPortraitUpsideDown UIInterfaceOrientationLandscapeLeft UIInterfaceOrientationLandscapeRight";
				INFOPLIST_KEY_UISupportedInterfaceOrientations_iPhone = "UIInterfaceOrientationPortrait UIInterfaceOrientationLandscapeLeft UIInterfaceOrientationLandscapeRight";
				LD_RUNPATH_SEARCH_PATHS = (
					"$(inherited)",
					"@executable_path/Frameworks",
				);
				MARKETING_VERSION = 1.0;
				OTHER_LDFLAGS = (
					"${inherited}",
					"-framework",
					ComposeApp,
					"-lsqlite3",
				);
				PRODUCT_BUNDLE_IDENTIFIER = com.therxmv.ershu.iosApp;
				PRODUCT_NAME = eRSHU;
				SWIFT_EMIT_LOC_STRINGS = YES;
				SWIFT_VERSION = 5.0;
				TARGETED_DEVICE_FAMILY = "1,2";
			};
			name = Debug;
		};
		A93A954729CC810D00F8E227 /* Release */ = {
			isa = XCBuildConfiguration;
			buildSettings = {
				ASSETCATALOG_COMPILER_APPICON_NAME = AppIcon;
				ASSETCATALOG_COMPILER_GLOBAL_ACCENT_COLOR_NAME = AccentColor;
				CODE_SIGN_STYLE = Automatic;
				CURRENT_PROJECT_VERSION = 1;
				DEVELOPMENT_ASSET_PATHS = "\"iosApp/Preview Content\"";
				DEVELOPMENT_TEAM = M3GNRJP4G3;
				ENABLE_PREVIEWS = YES;
				FRAMEWORK_SEARCH_PATHS = (
					"${inherited}",
					"$(SRCROOT)/../composeApp/build/xcode-frameworks/$(CONFIGURATION)/$(SDK_NAME)",
				);
				GENERATE_INFOPLIST_FILE = YES;
				INFOPLIST_FILE = iosApp/Info.plist;
				INFOPLIST_KEY_NSCalendarsUsageDescription = "I want to use your calendar to add reminders about classes";
				INFOPLIST_KEY_UIApplicationSceneManifest_Generation = YES;
				INFOPLIST_KEY_UIApplicationSupportsIndirectInputEvents = YES;
				INFOPLIST_KEY_UILaunchScreen_Generation = YES;
				INFOPLIST_KEY_UISupportedInterfaceOrientations_iPad = "UIInterfaceOrientationPortrait UIInterfaceOrientationPortraitUpsideDown UIInterfaceOrientationLandscapeLeft UIInterfaceOrientationLandscapeRight";
				INFOPLIST_KEY_UISupportedInterfaceOrientations_iPhone = "UIInterfaceOrientationPortrait UIInterfaceOrientationLandscapeLeft UIInterfaceOrientationLandscapeRight";
				LD_RUNPATH_SEARCH_PATHS = (
					"$(inherited)",
					"@executable_path/Frameworks",
				);
				MARKETING_VERSION = 1.0;
				OTHER_LDFLAGS = (
					"${inherited}",
					"-framework",
					ComposeApp,
					"-lsqlite3",
				);
				PRODUCT_BUNDLE_IDENTIFIER = com.therxmv.ershu.iosApp;
				PRODUCT_NAME = eRSHU;
				SWIFT_EMIT_LOC_STRINGS = YES;
				SWIFT_VERSION = 5.0;
				TARGETED_DEVICE_FAMILY = "1,2";
			};
			name = Release;
		};
/* End XCBuildConfiguration section */

/* Begin XCConfigurationList section */
		A93A953229CC810C00F8E227 /* Build configuration list for PBXProject "iosApp" */ = {
			isa = XCConfigurationList;
			buildConfigurations = (
				A93A954329CC810D00F8E227 /* Debug */,
				A93A954429CC810D00F8E227 /* Release */,
			);
			defaultConfigurationIsVisible = 0;
			defaultConfigurationName = Release;
		};
		A93A954529CC810D00F8E227 /* Build configuration list for PBXNativeTarget "iosApp" */ = {
			isa = XCConfigurationList;
			buildConfigurations = (
				A93A954629CC810D00F8E227 /* Debug */,
				A93A954729CC810D00F8E227 /* Release */,
			);
			defaultConfigurationIsVisible = 0;
			defaultConfigurationName = Release;
		};
/* End XCConfigurationList section */

/* Begin XCRemoteSwiftPackageReference section */
		47103D2A2B6A89350052115B /* XCRemoteSwiftPackageReference "firebase-ios-sdk" */ = {
			isa = XCRemoteSwiftPackageReference;
			repositoryURL = "https://github.com/firebase/firebase-ios-sdk";
			requirement = {
				kind = upToNextMajorVersion;
				minimumVersion = 10.20.0;
			};
		};
/* End XCRemoteSwiftPackageReference section */

/* Begin XCSwiftPackageProductDependency section */
		47103D2B2B6A89350052115B /* FirebaseAnalytics */ = {
			isa = XCSwiftPackageProductDependency;
			package = 47103D2A2B6A89350052115B /* XCRemoteSwiftPackageReference "firebase-ios-sdk" */;
			productName = FirebaseAnalytics;
		};
		47103D2D2B6A89350052115B /* FirebaseAnalyticsOnDeviceConversion */ = {
			isa = XCSwiftPackageProductDependency;
			package = 47103D2A2B6A89350052115B /* XCRemoteSwiftPackageReference "firebase-ios-sdk" */;
			productName = FirebaseAnalyticsOnDeviceConversion;
		};
		47103D2F2B6A89350052115B /* FirebaseAnalyticsSwift */ = {
			isa = XCSwiftPackageProductDependency;
			package = 47103D2A2B6A89350052115B /* XCRemoteSwiftPackageReference "firebase-ios-sdk" */;
			productName = FirebaseAnalyticsSwift;
		};
		47103D312B6A89350052115B /* FirebaseAnalyticsWithoutAdIdSupport */ = {
			isa = XCSwiftPackageProductDependency;
			package = 47103D2A2B6A89350052115B /* XCRemoteSwiftPackageReference "firebase-ios-sdk" */;
			productName = FirebaseAnalyticsWithoutAdIdSupport;
		};
		47103D332B6A89350052115B /* FirebaseAppCheck */ = {
			isa = XCSwiftPackageProductDependency;
			package = 47103D2A2B6A89350052115B /* XCRemoteSwiftPackageReference "firebase-ios-sdk" */;
			productName = FirebaseAppCheck;
		};
		47103D352B6A89350052115B /* FirebaseAppDistribution-Beta */ = {
			isa = XCSwiftPackageProductDependency;
			package = 47103D2A2B6A89350052115B /* XCRemoteSwiftPackageReference "firebase-ios-sdk" */;
			productName = "FirebaseAppDistribution-Beta";
		};
		47103D372B6A89350052115B /* FirebaseAuth */ = {
			isa = XCSwiftPackageProductDependency;
			package = 47103D2A2B6A89350052115B /* XCRemoteSwiftPackageReference "firebase-ios-sdk" */;
			productName = FirebaseAuth;
		};
		47103D392B6A89350052115B /* FirebaseAuthCombine-Community */ = {
			isa = XCSwiftPackageProductDependency;
			package = 47103D2A2B6A89350052115B /* XCRemoteSwiftPackageReference "firebase-ios-sdk" */;
			productName = "FirebaseAuthCombine-Community";
		};
		47103D3B2B6A89350052115B /* FirebaseCrashlytics */ = {
			isa = XCSwiftPackageProductDependency;
			package = 47103D2A2B6A89350052115B /* XCRemoteSwiftPackageReference "firebase-ios-sdk" */;
			productName = FirebaseCrashlytics;
		};
		47103D3D2B6A89350052115B /* FirebaseDatabase */ = {
			isa = XCSwiftPackageProductDependency;
			package = 47103D2A2B6A89350052115B /* XCRemoteSwiftPackageReference "firebase-ios-sdk" */;
			productName = FirebaseDatabase;
		};
		47103D3F2B6A89350052115B /* FirebaseDatabaseSwift */ = {
			isa = XCSwiftPackageProductDependency;
			package = 47103D2A2B6A89350052115B /* XCRemoteSwiftPackageReference "firebase-ios-sdk" */;
			productName = FirebaseDatabaseSwift;
		};
		47103D412B6A89350052115B /* FirebaseDynamicLinks */ = {
			isa = XCSwiftPackageProductDependency;
			package = 47103D2A2B6A89350052115B /* XCRemoteSwiftPackageReference "firebase-ios-sdk" */;
			productName = FirebaseDynamicLinks;
		};
		47103D432B6A89350052115B /* FirebaseFirestore */ = {
			isa = XCSwiftPackageProductDependency;
			package = 47103D2A2B6A89350052115B /* XCRemoteSwiftPackageReference "firebase-ios-sdk" */;
			productName = FirebaseFirestore;
		};
		47103D452B6A89350052115B /* FirebaseFirestoreCombine-Community */ = {
			isa = XCSwiftPackageProductDependency;
			package = 47103D2A2B6A89350052115B /* XCRemoteSwiftPackageReference "firebase-ios-sdk" */;
			productName = "FirebaseFirestoreCombine-Community";
		};
		47103D472B6A89350052115B /* FirebaseFirestoreSwift */ = {
			isa = XCSwiftPackageProductDependency;
			package = 47103D2A2B6A89350052115B /* XCRemoteSwiftPackageReference "firebase-ios-sdk" */;
			productName = FirebaseFirestoreSwift;
		};
		47103D492B6A89350052115B /* FirebaseFunctions */ = {
			isa = XCSwiftPackageProductDependency;
			package = 47103D2A2B6A89350052115B /* XCRemoteSwiftPackageReference "firebase-ios-sdk" */;
			productName = FirebaseFunctions;
		};
		47103D4B2B6A89350052115B /* FirebaseFunctionsCombine-Community */ = {
			isa = XCSwiftPackageProductDependency;
			package = 47103D2A2B6A89350052115B /* XCRemoteSwiftPackageReference "firebase-ios-sdk" */;
			productName = "FirebaseFunctionsCombine-Community";
		};
		47103D4D2B6A89350052115B /* FirebaseInAppMessaging-Beta */ = {
			isa = XCSwiftPackageProductDependency;
			package = 47103D2A2B6A89350052115B /* XCRemoteSwiftPackageReference "firebase-ios-sdk" */;
			productName = "FirebaseInAppMessaging-Beta";
		};
		47103D4F2B6A89350052115B /* FirebaseInAppMessagingSwift-Beta */ = {
			isa = XCSwiftPackageProductDependency;
			package = 47103D2A2B6A89350052115B /* XCRemoteSwiftPackageReference "firebase-ios-sdk" */;
			productName = "FirebaseInAppMessagingSwift-Beta";
		};
		47103D512B6A89350052115B /* FirebaseInstallations */ = {
			isa = XCSwiftPackageProductDependency;
			package = 47103D2A2B6A89350052115B /* XCRemoteSwiftPackageReference "firebase-ios-sdk" */;
			productName = FirebaseInstallations;
		};
		47103D532B6A89350052115B /* FirebaseMLModelDownloader */ = {
			isa = XCSwiftPackageProductDependency;
			package = 47103D2A2B6A89350052115B /* XCRemoteSwiftPackageReference "firebase-ios-sdk" */;
			productName = FirebaseMLModelDownloader;
		};
		47103D552B6A89350052115B /* FirebaseMessaging */ = {
			isa = XCSwiftPackageProductDependency;
			package = 47103D2A2B6A89350052115B /* XCRemoteSwiftPackageReference "firebase-ios-sdk" */;
			productName = FirebaseMessaging;
		};
		47103D572B6A89350052115B /* FirebasePerformance */ = {
			isa = XCSwiftPackageProductDependency;
			package = 47103D2A2B6A89350052115B /* XCRemoteSwiftPackageReference "firebase-ios-sdk" */;
			productName = FirebasePerformance;
		};
		47103D592B6A89350052115B /* FirebaseRemoteConfig */ = {
			isa = XCSwiftPackageProductDependency;
			package = 47103D2A2B6A89350052115B /* XCRemoteSwiftPackageReference "firebase-ios-sdk" */;
			productName = FirebaseRemoteConfig;
		};
		47103D5B2B6A89350052115B /* FirebaseRemoteConfigSwift */ = {
			isa = XCSwiftPackageProductDependency;
			package = 47103D2A2B6A89350052115B /* XCRemoteSwiftPackageReference "firebase-ios-sdk" */;
			productName = FirebaseRemoteConfigSwift;
		};
		47103D5D2B6A89350052115B /* FirebaseStorage */ = {
			isa = XCSwiftPackageProductDependency;
			package = 47103D2A2B6A89350052115B /* XCRemoteSwiftPackageReference "firebase-ios-sdk" */;
			productName = FirebaseStorage;
		};
		47103D5F2B6A89350052115B /* FirebaseStorageCombine-Community */ = {
			isa = XCSwiftPackageProductDependency;
			package = 47103D2A2B6A89350052115B /* XCRemoteSwiftPackageReference "firebase-ios-sdk" */;
			productName = "FirebaseStorageCombine-Community";
		};
/* End XCSwiftPackageProductDependency section */
	};
	rootObject = A93A952F29CC810C00F8E227 /* Project object */;
}
